
Microsoft Visual Studio Solution File, Format Version 12.00
# Visual Studio Version 16
VisualStudioVersion = 16.0.31129.286
MinimumVisualStudioVersion = 10.0.40219.1
Project("{9092AA53-FB77-4645-B42D-1CCCA6BD08BD}") = "javascript", "javascript.njsproj", "{6C8070F0-6E0B-417A-BDD9-1C450C15B233}"
EndProject
Global
	GlobalSection(SolutionConfigurationPlatforms) = preSolution
		Debug|Any CPU = Debug|Any CPU
		Release|Any CPU = Release|Any CPU
	EndGlobalSection
	GlobalSection(ProjectConfigurationPlatforms) = postSolution
		{6C8070F0-6E0B-417A-BDD9-1C450C15B233}.Debug|Any CPU.ActiveCfg = Debug|Any CPU
		{6C8070F0-6E0B-417A-BDD9-1C450C15B233}.Debug|Any CPU.Build.0 = Debug|Any CPU
		{6C8070F0-6E0B-417A-BDD9-1C450C15B233}.Release|Any CPU.ActiveCfg = Release|Any CPU
		{6C8070F0-6E0B-417A-BDD9-1C450C15B233}.Release|Any CPU.Build.0 = Release|Any CPU
	EndGlobalSection
	GlobalSection(SolutionProperties) = preSolution
		HideSolutionNode = FALSE
	EndGlobalSection
	GlobalSection(ExtensibilityGlobals) = postSolution
		SolutionGuid = {B484A590-2B2A-4D72-A162-167669190587}
	EndGlobalSection
EndGlobal
